
Microsoft Visual Studio Solution File, Format Version 12.00
# Visual Studio Version 17
VisualStudioVersion = 17.6.33829.357
MinimumVisualStudioVersion = 10.0.40219.1
Project("{FAE04EC0-301F-11D3-BF4B-00C04F79EFBC}") = "Mikael-XML", "Mikael-XML.csproj", "{334A25FA-2CE0-4041-9624-F2F59A0912EF}"
EndProject
Global
	GlobalSection(SolutionConfigurationPlatforms) = preSolution
		Debug|Any CPU = Debug|Any CPU
		Release|Any CPU = Release|Any CPU
	EndGlobalSection
	GlobalSection(ProjectConfigurationPlatforms) = postSolution
		{334A25FA-2CE0-4041-9624-F2F59A0912EF}.Debug|Any CPU.ActiveCfg = Debug|Any CPU
		{334A25FA-2CE0-4041-9624-F2F59A0912EF}.Debug|Any CPU.Build.0 = Debug|Any CPU
		{334A25FA-2CE0-4041-9624-F2F59A0912EF}.Release|Any CPU.ActiveCfg = Release|Any CPU
		{334A25FA-2CE0-4041-9624-F2F59A0912EF}.Release|Any CPU.Build.0 = Release|Any CPU
	EndGlobalSection
	GlobalSection(SolutionProperties) = preSolution
		HideSolutionNode = FALSE
	EndGlobalSection
	GlobalSection(ExtensibilityGlobals) = postSolution
		SolutionGuid = {197DE6B0-B01B-4A56-9A5E-73AD9966D97A}
	EndGlobalSection
EndGlobal
